
Microsoft Visual Studio Solution File, Format Version 12.00
# Visual Studio Version 16
VisualStudioVersion = 16.0.31613.86
MinimumVisualStudioVersion = 10.0.40219.1
Project("{FAE04EC0-301F-11D3-BF4B-00C04F79EFBC}") = "Adapter_ResolucaoExercicio1", "Adapter_ResolucaoExercicio1\Adapter_ResolucaoExercicio1.csproj", "{A91827F1-CA3E-4AE5-A22E-76C366D0670E}"
EndProject
Global
	GlobalSection(SolutionConfigurationPlatforms) = preSolution
		Debug|Any CPU = Debug|Any CPU
		Release|Any CPU = Release|Any CPU
	EndGlobalSection
	GlobalSection(ProjectConfigurationPlatforms) = postSolution
		{A91827F1-CA3E-4AE5-A22E-76C366D0670E}.Debug|Any CPU.ActiveCfg = Debug|Any CPU
		{A91827F1-CA3E-4AE5-A22E-76C366D0670E}.Debug|Any CPU.Build.0 = Debug|Any CPU
		{A91827F1-CA3E-4AE5-A22E-76C366D0670E}.Release|Any CPU.ActiveCfg = Release|Any CPU
		{A91827F1-CA3E-4AE5-A22E-76C366D0670E}.Release|Any CPU.Build.0 = Release|Any CPU
	EndGlobalSection
	GlobalSection(SolutionProperties) = preSolution
		HideSolutionNode = FALSE
	EndGlobalSection
	GlobalSection(ExtensibilityGlobals) = postSolution
		SolutionGuid = {DB25341C-22F4-4CE3-BFD6-8D0760CB9F17}
	EndGlobalSection
EndGlobal
